// !$*UTF8*$!
{
	archiveVersion = 1;
	classes = {
	};
	objectVersion = 50;
	objects = {

/* Begin PBXBuildFile section */
		4C65A02923BE9FFA00E15DF6 /* alumptools.cpp in Sources */ = {isa = PBXBuildFile; fileRef = 4C65A02723BE9FFA00E15DF6 /* alumptools.cpp */; };
		4CCDF0EC23AD4FED001D11CE /* AppDelegate.mm in Sources */ = {isa = PBXBuildFile; fileRef = 4CCDF0EB23AD4FED001D11CE /* AppDelegate.mm */; };
		4CCDF0EE23AD4FEE001D11CE /* Assets.xcassets in Resources */ = {isa = PBXBuildFile; fileRef = 4CCDF0ED23AD4FEE001D11CE /* Assets.xcassets */; };
		4CCDF0F123AD4FEE001D11CE /* MainMenu.xib in Resources */ = {isa = PBXBuildFile; fileRef = 4CCDF0EF23AD4FEE001D11CE /* MainMenu.xib */; };
		4CCDF0F423AD4FEE001D11CE /* main.m in Sources */ = {isa = PBXBuildFile; fileRef = 4CCDF0F323AD4FEE001D11CE /* main.m */; };
		4CCDF12323AD505A001D11CE /* alevelintegrity.cpp in Sources */ = {isa = PBXBuildFile; fileRef = 4CCDF0FC23AD505A001D11CE /* alevelintegrity.cpp */; };
		4CCDF12423AD505A001D11CE /* atexture.cpp in Sources */ = {isa = PBXBuildFile; fileRef = 4CCDF0FE23AD505A001D11CE /* atexture.cpp */; };
		4CCDF12523AD505A001D11CE /* aflat.cpp in Sources */ = {isa = PBXBuildFile; fileRef = 4CCDF0FF23AD505A001D11CE /* aflat.cpp */; };
		4CCDF12623AD505A001D11CE /* awad.cpp in Sources */ = {isa = PBXBuildFile; fileRef = 4CCDF10023AD505A001D11CE /* awad.cpp */; };
		4CCDF12723AD505A001D11CE /* athing.cpp in Sources */ = {isa = PBXBuildFile; fileRef = 4CCDF10123AD505A001D11CE /* athing.cpp */; };
		4CCDF12823AD505A001D11CE /* acolormap.cpp in Sources */ = {isa = PBXBuildFile; fileRef = 4CCDF10823AD505A001D11CE /* acolormap.cpp */; };
		4CCDF12923AD505A001D11CE /* aendoom.cpp in Sources */ = {isa = PBXBuildFile; fileRef = 4CCDF10923AD505A001D11CE /* aendoom.cpp */; };
		4CCDF12A23AD505A001D11CE /* ademo.cpp in Sources */ = {isa = PBXBuildFile; fileRef = 4CCDF10C23AD505A001D11CE /* ademo.cpp */; };
		4CCDF12B23AD505A001D11CE /* apicture.cpp in Sources */ = {isa = PBXBuildFile; fileRef = 4CCDF10D23AD505A001D11CE /* apicture.cpp */; };
		4CCDF12C23AD505A001D11CE /* apalete.cpp in Sources */ = {isa = PBXBuildFile; fileRef = 4CCDF11223AD505A001D11CE /* apalete.cpp */; };
		4CCDF12D23AD505A001D11CE /* alump.cpp in Sources */ = {isa = PBXBuildFile; fileRef = 4CCDF11323AD505A001D11CE /* alump.cpp */; };
		4CCDF12E23AD505A001D11CE /* autilities.cpp in Sources */ = {isa = PBXBuildFile; fileRef = 4CCDF11523AD505A001D11CE /* autilities.cpp */; };
		4CCDF12F23AD505A001D11CE /* aimagedata.cpp in Sources */ = {isa = PBXBuildFile; fileRef = 4CCDF11923AD505A001D11CE /* aimagedata.cpp */; };
		4CCDF13023AD505A001D11CE /* ageometryreadservice.cpp in Sources */ = {isa = PBXBuildFile; fileRef = 4CCDF11A23AD505A001D11CE /* ageometryreadservice.cpp */; };
		4CCDF13223AD505A001D11CE /* asprite.cpp in Sources */ = {isa = PBXBuildFile; fileRef = 4CCDF11D23AD505A001D11CE /* asprite.cpp */; };
		4CCDF13323AD505A001D11CE /* alevel.cpp in Sources */ = {isa = PBXBuildFile; fileRef = 4CCDF11E23AD505A001D11CE /* alevel.cpp */; };
		4CCDF13423AD505A001D11CE /* atgaexporter.cpp in Sources */ = {isa = PBXBuildFile; fileRef = 4CCDF11F23AD505A001D11CE /* atgaexporter.cpp */; };
		4CCDF13523AD505A001D11CE /* doom.wad in Resources */ = {isa = PBXBuildFile; fileRef = 4CCDF12123AD505A001D11CE /* doom.wad */; };
		4CCDF13623AD505A001D11CE /* doom1.wad in Resources */ = {isa = PBXBuildFile; fileRef = 4CCDF12223AD505A001D11CE /* doom1.wad */; };
		4CCDF13923AD530F001D11CE /* LumpsListDataSource.m in Sources */ = {isa = PBXBuildFile; fileRef = 4CCDF13823AD530F001D11CE /* LumpsListDataSource.m */; };
		4CCDF13C23AD532A001D11CE /* LumpsService.mm in Sources */ = {isa = PBXBuildFile; fileRef = 4CCDF13B23AD532A001D11CE /* LumpsService.mm */; };
		4CCDF13F23AD537C001D11CE /* LumpModel.m in Sources */ = {isa = PBXBuildFile; fileRef = 4CCDF13E23AD537C001D11CE /* LumpModel.m */; };
		4CCDF14223AD6112001D11CE /* UIEventsHandler.m in Sources */ = {isa = PBXBuildFile; fileRef = 4CCDF14123AD6112001D11CE /* UIEventsHandler.m */; };
/* End PBXBuildFile section */

/* Begin PBXFileReference section */
		4C65A02723BE9FFA00E15DF6 /* alumptools.cpp */ = {isa = PBXFileReference; lastKnownFileType = sourcecode.cpp.cpp; path = alumptools.cpp; sourceTree = "<group>"; };
		4C65A02823BE9FFA00E15DF6 /* alumptools.h */ = {isa = PBXFileReference; lastKnownFileType = sourcecode.c.h; path = alumptools.h; sourceTree = "<group>"; };
		4CCDF0E723AD4FED001D11CE /* wadui.app */ = {isa = PBXFileReference; explicitFileType = wrapper.application; includeInIndex = 0; path = wadui.app; sourceTree = BUILT_PRODUCTS_DIR; };
		4CCDF0EA23AD4FED001D11CE /* AppDelegate.h */ = {isa = PBXFileReference; lastKnownFileType = sourcecode.c.h; path = AppDelegate.h; sourceTree = "<group>"; };
		4CCDF0EB23AD4FED001D11CE /* AppDelegate.mm */ = {isa = PBXFileReference; lastKnownFileType = sourcecode.cpp.objcpp; path = AppDelegate.mm; sourceTree = "<group>"; };
		4CCDF0ED23AD4FEE001D11CE /* Assets.xcassets */ = {isa = PBXFileReference; lastKnownFileType = folder.assetcatalog; path = Assets.xcassets; sourceTree = "<group>"; };
		4CCDF0F023AD4FEE001D11CE /* Base */ = {isa = PBXFileReference; lastKnownFileType = file.xib; name = Base; path = Base.lproj/MainMenu.xib; sourceTree = "<group>"; };
		4CCDF0F223AD4FEE001D11CE /* Info.plist */ = {isa = PBXFileReference; lastKnownFileType = text.plist.xml; path = Info.plist; sourceTree = "<group>"; };
		4CCDF0F323AD4FEE001D11CE /* main.m */ = {isa = PBXFileReference; lastKnownFileType = sourcecode.c.objc; path = main.m; sourceTree = "<group>"; };
		4CCDF0F523AD4FEE001D11CE /* wadui.entitlements */ = {isa = PBXFileReference; lastKnownFileType = text.plist.entitlements; path = wadui.entitlements; sourceTree = "<group>"; };
		4CCDF0FC23AD505A001D11CE /* alevelintegrity.cpp */ = {isa = PBXFileReference; fileEncoding = 4; lastKnownFileType = sourcecode.cpp.cpp; path = alevelintegrity.cpp; sourceTree = "<group>"; };
		4CCDF0FD23AD505A001D11CE /* aflat.h */ = {isa = PBXFileReference; fileEncoding = 4; lastKnownFileType = sourcecode.c.h; path = aflat.h; sourceTree = "<group>"; };
		4CCDF0FE23AD505A001D11CE /* atexture.cpp */ = {isa = PBXFileReference; fileEncoding = 4; lastKnownFileType = sourcecode.cpp.cpp; path = atexture.cpp; sourceTree = "<group>"; };
		4CCDF0FF23AD505A001D11CE /* aflat.cpp */ = {isa = PBXFileReference; fileEncoding = 4; lastKnownFileType = sourcecode.cpp.cpp; path = aflat.cpp; sourceTree = "<group>"; };
		4CCDF10023AD505A001D11CE /* awad.cpp */ = {isa = PBXFileReference; fileEncoding = 4; lastKnownFileType = sourcecode.cpp.cpp; path = awad.cpp; sourceTree = "<group>"; };
		4CCDF10123AD505A001D11CE /* athing.cpp */ = {isa = PBXFileReference; fileEncoding = 4; lastKnownFileType = sourcecode.cpp.cpp; path = athing.cpp; sourceTree = "<group>"; };
		4CCDF10223AD505A001D11CE /* aimagedata.h */ = {isa = PBXFileReference; fileEncoding = 4; lastKnownFileType = sourcecode.c.h; path = aimagedata.h; sourceTree = "<group>"; };
		4CCDF10323AD505A001D11CE /* autilities.h */ = {isa = PBXFileReference; fileEncoding = 4; lastKnownFileType = sourcecode.c.h; path = autilities.h; sourceTree = "<group>"; };
		4CCDF10423AD505A001D11CE /* acolormap.h */ = {isa = PBXFileReference; fileEncoding = 4; lastKnownFileType = sourcecode.c.h; path = acolormap.h; sourceTree = "<group>"; };
		4CCDF10523AD505A001D11CE /* types.h */ = {isa = PBXFileReference; fileEncoding = 4; lastKnownFileType = sourcecode.c.h; path = types.h; sourceTree = "<group>"; };
		4CCDF10623AD505A001D11CE /* alump.h */ = {isa = PBXFileReference; fileEncoding = 4; lastKnownFileType = sourcecode.c.h; path = alump.h; sourceTree = "<group>"; };
		4CCDF10723AD505A001D11CE /* athing.h */ = {isa = PBXFileReference; fileEncoding = 4; lastKnownFileType = sourcecode.c.h; path = athing.h; sourceTree = "<group>"; };
		4CCDF10823AD505A001D11CE /* acolormap.cpp */ = {isa = PBXFileReference; fileEncoding = 4; lastKnownFileType = sourcecode.cpp.cpp; path = acolormap.cpp; sourceTree = "<group>"; };
		4CCDF10923AD505A001D11CE /* aendoom.cpp */ = {isa = PBXFileReference; fileEncoding = 4; lastKnownFileType = sourcecode.cpp.cpp; path = aendoom.cpp; sourceTree = "<group>"; };
		4CCDF10A23AD505A001D11CE /* atexture.h */ = {isa = PBXFileReference; fileEncoding = 4; lastKnownFileType = sourcecode.c.h; path = atexture.h; sourceTree = "<group>"; };
		4CCDF10B23AD505A001D11CE /* atgaexporter.h */ = {isa = PBXFileReference; fileEncoding = 4; lastKnownFileType = sourcecode.c.h; path = atgaexporter.h; sourceTree = "<group>"; };
		4CCDF10C23AD505A001D11CE /* ademo.cpp */ = {isa = PBXFileReference; fileEncoding = 4; lastKnownFileType = sourcecode.cpp.cpp; path = ademo.cpp; sourceTree = "<group>"; };
		4CCDF10D23AD505A001D11CE /* apicture.cpp */ = {isa = PBXFileReference; fileEncoding = 4; lastKnownFileType = sourcecode.cpp.cpp; path = apicture.cpp; sourceTree = "<group>"; };
		4CCDF10E23AD505A001D11CE /* ageometryreadservice.h */ = {isa = PBXFileReference; fileEncoding = 4; lastKnownFileType = sourcecode.c.h; path = ageometryreadservice.h; sourceTree = "<group>"; };
		4CCDF10F23AD505A001D11CE /* alevel.h */ = {isa = PBXFileReference; fileEncoding = 4; lastKnownFileType = sourcecode.c.h; path = alevel.h; sourceTree = "<group>"; };
		4CCDF11023AD505A001D11CE /* alevelintegrity.h */ = {isa = PBXFileReference; fileEncoding = 4; lastKnownFileType = sourcecode.c.h; path = alevelintegrity.h; sourceTree = "<group>"; };
		4CCDF11123AD505A001D11CE /* asprite.h */ = {isa = PBXFileReference; fileEncoding = 4; lastKnownFileType = sourcecode.c.h; path = asprite.h; sourceTree = "<group>"; };
		4CCDF11223AD505A001D11CE /* apalete.cpp */ = {isa = PBXFileReference; fileEncoding = 4; lastKnownFileType = sourcecode.cpp.cpp; path = apalete.cpp; sourceTree = "<group>"; };
		4CCDF11323AD505A001D11CE /* alump.cpp */ = {isa = PBXFileReference; fileEncoding = 4; lastKnownFileType = sourcecode.cpp.cpp; path = alump.cpp; sourceTree = "<group>"; };
		4CCDF11423AD505A001D11CE /* enums.h */ = {isa = PBXFileReference; fileEncoding = 4; lastKnownFileType = sourcecode.c.h; path = enums.h; sourceTree = "<group>"; };
		4CCDF11523AD505A001D11CE /* autilities.cpp */ = {isa = PBXFileReference; fileEncoding = 4; lastKnownFileType = sourcecode.cpp.cpp; path = autilities.cpp; sourceTree = "<group>"; };
		4CCDF11623AD505A001D11CE /* apalete.h */ = {isa = PBXFileReference; fileEncoding = 4; lastKnownFileType = sourcecode.c.h; path = apalete.h; sourceTree = "<group>"; };
		4CCDF11723AD505A001D11CE /* apicture.h */ = {isa = PBXFileReference; fileEncoding = 4; lastKnownFileType = sourcecode.c.h; path = apicture.h; sourceTree = "<group>"; };
		4CCDF11823AD505A001D11CE /* awad.h */ = {isa = PBXFileReference; fileEncoding = 4; lastKnownFileType = sourcecode.c.h; path = awad.h; sourceTree = "<group>"; };
		4CCDF11923AD505A001D11CE /* aimagedata.cpp */ = {isa = PBXFileReference; fileEncoding = 4; lastKnownFileType = sourcecode.cpp.cpp; path = aimagedata.cpp; sourceTree = "<group>"; };
		4CCDF11A23AD505A001D11CE /* ageometryreadservice.cpp */ = {isa = PBXFileReference; fileEncoding = 4; lastKnownFileType = sourcecode.cpp.cpp; path = ageometryreadservice.cpp; sourceTree = "<group>"; };
		4CCDF11B23AD505A001D11CE /* aendoom.h */ = {isa = PBXFileReference; fileEncoding = 4; lastKnownFileType = sourcecode.c.h; path = aendoom.h; sourceTree = "<group>"; };
		4CCDF11D23AD505A001D11CE /* asprite.cpp */ = {isa = PBXFileReference; fileEncoding = 4; lastKnownFileType = sourcecode.cpp.cpp; path = asprite.cpp; sourceTree = "<group>"; };
		4CCDF11E23AD505A001D11CE /* alevel.cpp */ = {isa = PBXFileReference; fileEncoding = 4; lastKnownFileType = sourcecode.cpp.cpp; path = alevel.cpp; sourceTree = "<group>"; };
		4CCDF11F23AD505A001D11CE /* atgaexporter.cpp */ = {isa = PBXFileReference; fileEncoding = 4; lastKnownFileType = sourcecode.cpp.cpp; path = atgaexporter.cpp; sourceTree = "<group>"; };
		4CCDF12023AD505A001D11CE /* ademo.h */ = {isa = PBXFileReference; fileEncoding = 4; lastKnownFileType = sourcecode.c.h; path = ademo.h; sourceTree = "<group>"; };
		4CCDF12123AD505A001D11CE /* doom.wad */ = {isa = PBXFileReference; lastKnownFileType = file; path = doom.wad; sourceTree = "<group>"; };
		4CCDF12223AD505A001D11CE /* doom1.wad */ = {isa = PBXFileReference; lastKnownFileType = file; path = doom1.wad; sourceTree = "<group>"; };
		4CCDF13723AD530F001D11CE /* LumpsListDataSource.h */ = {isa = PBXFileReference; lastKnownFileType = sourcecode.c.h; path = LumpsListDataSource.h; sourceTree = "<group>"; };
		4CCDF13823AD530F001D11CE /* LumpsListDataSource.m */ = {isa = PBXFileReference; lastKnownFileType = sourcecode.c.objc; path = LumpsListDataSource.m; sourceTree = "<group>"; };
		4CCDF13A23AD532A001D11CE /* LumpsService.h */ = {isa = PBXFileReference; lastKnownFileType = sourcecode.c.h; path = LumpsService.h; sourceTree = "<group>"; };
		4CCDF13B23AD532A001D11CE /* LumpsService.mm */ = {isa = PBXFileReference; lastKnownFileType = sourcecode.cpp.objcpp; path = LumpsService.mm; sourceTree = "<group>"; };
		4CCDF13D23AD537C001D11CE /* LumpModel.h */ = {isa = PBXFileReference; lastKnownFileType = sourcecode.c.h; path = LumpModel.h; sourceTree = "<group>"; };
		4CCDF13E23AD537C001D11CE /* LumpModel.m */ = {isa = PBXFileReference; lastKnownFileType = sourcecode.c.objc; path = LumpModel.m; sourceTree = "<group>"; };
		4CCDF14023AD6111001D11CE /* UIEventsHandler.h */ = {isa = PBXFileReference; lastKnownFileType = sourcecode.c.h; path = UIEventsHandler.h; sourceTree = "<group>"; };
		4CCDF14123AD6112001D11CE /* UIEventsHandler.m */ = {isa = PBXFileReference; lastKnownFileType = sourcecode.c.objc; path = UIEventsHandler.m; sourceTree = "<group>"; };
/* End PBXFileReference section */

/* Begin PBXFrameworksBuildPhase section */
		4CCDF0E423AD4FED001D11CE /* Frameworks */ = {
			isa = PBXFrameworksBuildPhase;
			buildActionMask = 2147483647;
			files = (
			);
			runOnlyForDeploymentPostprocessing = 0;
		};
/* End PBXFrameworksBuildPhase section */

/* Begin PBXGroup section */
		4CCDF0DE23AD4FED001D11CE = {
			isa = PBXGroup;
			children = (
				4CCDF0FB23AD505A001D11CE /* wad */,
				4CCDF0E923AD4FED001D11CE /* wadui */,
				4CCDF12123AD505A001D11CE /* doom.wad */,
				4CCDF12223AD505A001D11CE /* doom1.wad */,
				4CCDF0E823AD4FED001D11CE /* Products */,
			);
			sourceTree = "<group>";
		};
		4CCDF0E823AD4FED001D11CE /* Products */ = {
			isa = PBXGroup;
			children = (
				4CCDF0E723AD4FED001D11CE /* wadui.app */,
			);
			name = Products;
			sourceTree = "<group>";
		};
		4CCDF0E923AD4FED001D11CE /* wadui */ = {
			isa = PBXGroup;
			children = (
				4CCDF0EA23AD4FED001D11CE /* AppDelegate.h */,
				4CCDF0EB23AD4FED001D11CE /* AppDelegate.mm */,
				4CCDF14023AD6111001D11CE /* UIEventsHandler.h */,
				4CCDF14123AD6112001D11CE /* UIEventsHandler.m */,
				4CCDF0ED23AD4FEE001D11CE /* Assets.xcassets */,
				4CCDF0EF23AD4FEE001D11CE /* MainMenu.xib */,
				4CCDF0F223AD4FEE001D11CE /* Info.plist */,
				4CCDF0F323AD4FEE001D11CE /* main.m */,
				4CCDF0F523AD4FEE001D11CE /* wadui.entitlements */,
				4CCDF13723AD530F001D11CE /* LumpsListDataSource.h */,
				4CCDF13823AD530F001D11CE /* LumpsListDataSource.m */,
				4CCDF13A23AD532A001D11CE /* LumpsService.h */,
				4CCDF13B23AD532A001D11CE /* LumpsService.mm */,
				4CCDF13D23AD537C001D11CE /* LumpModel.h */,
				4CCDF13E23AD537C001D11CE /* LumpModel.m */,
			);
			path = wadui;
			sourceTree = "<group>";
		};
		4CCDF0FB23AD505A001D11CE /* wad */ = {
			isa = PBXGroup;
			children = (
				4CCDF10323AD505A001D11CE /* autilities.h */,
				4CCDF11523AD505A001D11CE /* autilities.cpp */,
				4C65A02823BE9FFA00E15DF6 /* alumptools.h */,
				4C65A02723BE9FFA00E15DF6 /* alumptools.cpp */,
				4CCDF11823AD505A001D11CE /* awad.h */,
				4CCDF10023AD505A001D11CE /* awad.cpp */,
				4CCDF0FC23AD505A001D11CE /* alevelintegrity.cpp */,
				4CCDF0FD23AD505A001D11CE /* aflat.h */,
				4CCDF0FF23AD505A001D11CE /* aflat.cpp */,
				4CCDF10123AD505A001D11CE /* athing.cpp */,
				4CCDF10223AD505A001D11CE /* aimagedata.h */,
				4CCDF10423AD505A001D11CE /* acolormap.h */,
				4CCDF10523AD505A001D11CE /* types.h */,
				4CCDF10623AD505A001D11CE /* alump.h */,
				4CCDF10723AD505A001D11CE /* athing.h */,
				4CCDF10823AD505A001D11CE /* acolormap.cpp */,
				4CCDF10923AD505A001D11CE /* aendoom.cpp */,
				4CCDF10A23AD505A001D11CE /* atexture.h */,
				4CCDF0FE23AD505A001D11CE /* atexture.cpp */,
				4CCDF10B23AD505A001D11CE /* atgaexporter.h */,
				4CCDF10C23AD505A001D11CE /* ademo.cpp */,
				4CCDF10D23AD505A001D11CE /* apicture.cpp */,
				4CCDF10E23AD505A001D11CE /* ageometryreadservice.h */,
				4CCDF10F23AD505A001D11CE /* alevel.h */,
				4CCDF11023AD505A001D11CE /* alevelintegrity.h */,
				4CCDF11123AD505A001D11CE /* asprite.h */,
				4CCDF11223AD505A001D11CE /* apalete.cpp */,
				4CCDF11323AD505A001D11CE /* alump.cpp */,
				4CCDF11423AD505A001D11CE /* enums.h */,
				4CCDF11623AD505A001D11CE /* apalete.h */,
				4CCDF11723AD505A001D11CE /* apicture.h */,
				4CCDF11923AD505A001D11CE /* aimagedata.cpp */,
				4CCDF11A23AD505A001D11CE /* ageometryreadservice.cpp */,
				4CCDF11B23AD505A001D11CE /* aendoom.h */,
				4CCDF11D23AD505A001D11CE /* asprite.cpp */,
				4CCDF11E23AD505A001D11CE /* alevel.cpp */,
				4CCDF11F23AD505A001D11CE /* atgaexporter.cpp */,
				4CCDF12023AD505A001D11CE /* ademo.h */,
			);
			path = wad;
			sourceTree = "<group>";
		};
/* End PBXGroup section */

/* Begin PBXNativeTarget section */
		4CCDF0E623AD4FED001D11CE /* wadui */ = {
			isa = PBXNativeTarget;
			buildConfigurationList = 4CCDF0F823AD4FEE001D11CE /* Build configuration list for PBXNativeTarget "wadui" */;
			buildPhases = (
				4CCDF0E323AD4FED001D11CE /* Sources */,
				4CCDF0E423AD4FED001D11CE /* Frameworks */,
				4CCDF0E523AD4FED001D11CE /* Resources */,
			);
			buildRules = (
			);
			dependencies = (
			);
			name = wadui;
			productName = wadui;
			productReference = 4CCDF0E723AD4FED001D11CE /* wadui.app */;
			productType = "com.apple.product-type.application";
		};
/* End PBXNativeTarget section */

/* Begin PBXProject section */
		4CCDF0DF23AD4FED001D11CE /* Project object */ = {
			isa = PBXProject;
			attributes = {
				LastUpgradeCheck = 1020;
				ORGANIZATIONNAME = Michael;
				TargetAttributes = {
					4CCDF0E623AD4FED001D11CE = {
						CreatedOnToolsVersion = 10.2.1;
					};
				};
			};
			buildConfigurationList = 4CCDF0E223AD4FED001D11CE /* Build configuration list for PBXProject "wadui" */;
			compatibilityVersion = "Xcode 9.3";
			developmentRegion = en;
			hasScannedForEncodings = 0;
			knownRegions = (
				en,
				Base,
			);
			mainGroup = 4CCDF0DE23AD4FED001D11CE;
			productRefGroup = 4CCDF0E823AD4FED001D11CE /* Products */;
			projectDirPath = "";
			projectRoot = "";
			targets = (
				4CCDF0E623AD4FED001D11CE /* wadui */,
			);
		};
/* End PBXProject section */

/* Begin PBXResourcesBuildPhase section */
		4CCDF0E523AD4FED001D11CE /* Resources */ = {
			isa = PBXResourcesBuildPhase;
			buildActionMask = 2147483647;
			files = (
				4CCDF13523AD505A001D11CE /* doom.wad in Resources */,
				4CCDF0EE23AD4FEE001D11CE /* Assets.xcassets in Resources */,
				4CCDF0F123AD4FEE001D11CE /* MainMenu.xib in Resources */,
				4CCDF13623AD505A001D11CE /* doom1.wad in Resources */,
			);
			runOnlyForDeploymentPostprocessing = 0;
		};
/* End PBXResourcesBuildPhase section */

/* Begin PBXSourcesBuildPhase section */
		4CCDF0E323AD4FED001D11CE /* Sources */ = {
			isa = PBXSourcesBuildPhase;
			buildActionMask = 2147483647;
			files = (
				4CCDF0F423AD4FEE001D11CE /* main.m in Sources */,
				4CCDF12F23AD505A001D11CE /* aimagedata.cpp in Sources */,
				4CCDF0EC23AD4FED001D11CE /* AppDelegate.mm in Sources */,
				4CCDF13023AD505A001D11CE /* ageometryreadservice.cpp in Sources */,
				4CCDF13223AD505A001D11CE /* asprite.cpp in Sources */,
				4CCDF12623AD505A001D11CE /* awad.cpp in Sources */,
				4CCDF12323AD505A001D11CE /* alevelintegrity.cpp in Sources */,
				4CCDF13423AD505A001D11CE /* atgaexporter.cpp in Sources */,
				4CCDF12D23AD505A001D11CE /* alump.cpp in Sources */,
				4CCDF12823AD505A001D11CE /* acolormap.cpp in Sources */,
				4CCDF13C23AD532A001D11CE /* LumpsService.mm in Sources */,
				4CCDF13F23AD537C001D11CE /* LumpModel.m in Sources */,
				4CCDF12723AD505A001D11CE /* athing.cpp in Sources */,
				4CCDF12B23AD505A001D11CE /* apicture.cpp in Sources */,
				4CCDF12523AD505A001D11CE /* aflat.cpp in Sources */,
				4CCDF12C23AD505A001D11CE /* apalete.cpp in Sources */,
				4CCDF12E23AD505A001D11CE /* autilities.cpp in Sources */,
				4CCDF14223AD6112001D11CE /* UIEventsHandler.m in Sources */,
				4CCDF12423AD505A001D11CE /* atexture.cpp in Sources */,
				4CCDF12A23AD505A001D11CE /* ademo.cpp in Sources */,
				4CCDF13323AD505A001D11CE /* alevel.cpp in Sources */,
				4CCDF13923AD530F001D11CE /* LumpsListDataSource.m in Sources */,
				4CCDF12923AD505A001D11CE /* aendoom.cpp in Sources */,
				4C65A02923BE9FFA00E15DF6 /* alumptools.cpp in Sources */,
			);
			runOnlyForDeploymentPostprocessing = 0;
		};
/* End PBXSourcesBuildPhase section */

/* Begin PBXVariantGroup section */
		4CCDF0EF23AD4FEE001D11CE /* MainMenu.xib */ = {
			isa = PBXVariantGroup;
			children = (
				4CCDF0F023AD4FEE001D11CE /* Base */,
			);
			name = MainMenu.xib;
			sourceTree = "<group>";
		};
/* End PBXVariantGroup section */

/* Begin XCBuildConfiguration section */
		4CCDF0F623AD4FEE001D11CE /* Debug */ = {
			isa = XCBuildConfiguration;
			buildSettings = {
				ALWAYS_SEARCH_USER_PATHS = NO;
				CLANG_ANALYZER_NONNULL = YES;
				CLANG_ANALYZER_NUMBER_OBJECT_CONVERSION = YES_AGGRESSIVE;
				CLANG_CXX_LANGUAGE_STANDARD = "gnu++14";
				CLANG_CXX_LIBRARY = "libc++";
				CLANG_ENABLE_MODULES = YES;
				CLANG_ENABLE_OBJC_ARC = YES;
				CLANG_ENABLE_OBJC_WEAK = YES;
				CLANG_WARN_BLOCK_CAPTURE_AUTORELEASING = YES;
				CLANG_WARN_BOOL_CONVERSION = YES;
				CLANG_WARN_COMMA = YES;
				CLANG_WARN_CONSTANT_CONVERSION = YES;
				CLANG_WARN_DEPRECATED_OBJC_IMPLEMENTATIONS = YES;
				CLANG_WARN_DIRECT_OBJC_ISA_USAGE = YES_ERROR;
				CLANG_WARN_DOCUMENTATION_COMMENTS = YES;
				CLANG_WARN_EMPTY_BODY = YES;
				CLANG_WARN_ENUM_CONVERSION = YES;
				CLANG_WARN_INFINITE_RECURSION = YES;
				CLANG_WARN_INT_CONVERSION = YES;
				CLANG_WARN_NON_LITERAL_NULL_CONVERSION = YES;
				CLANG_WARN_OBJC_IMPLICIT_RETAIN_SELF = YES;
				CLANG_WARN_OBJC_LITERAL_CONVERSION = YES;
				CLANG_WARN_OBJC_ROOT_CLASS = YES_ERROR;
				CLANG_WARN_RANGE_LOOP_ANALYSIS = YES;
				CLANG_WARN_STRICT_PROTOTYPES = YES;
				CLANG_WARN_SUSPICIOUS_MOVE = YES;
				CLANG_WARN_UNGUARDED_AVAILABILITY = YES_AGGRESSIVE;
				CLANG_WARN_UNREACHABLE_CODE = YES;
				CLANG_WARN__DUPLICATE_METHOD_MATCH = YES;
				CODE_SIGN_IDENTITY = "Mac Developer";
				COPY_PHASE_STRIP = NO;
				DEBUG_INFORMATION_FORMAT = dwarf;
				ENABLE_STRICT_OBJC_MSGSEND = YES;
				ENABLE_TESTABILITY = YES;
				GCC_C_LANGUAGE_STANDARD = gnu11;
				GCC_DYNAMIC_NO_PIC = NO;
				GCC_NO_COMMON_BLOCKS = YES;
				GCC_OPTIMIZATION_LEVEL = 0;
				GCC_PREPROCESSOR_DEFINITIONS = (
					"DEBUG=1",
					"$(inherited)",
				);
				GCC_WARN_64_TO_32_BIT_CONVERSION = YES;
				GCC_WARN_ABOUT_RETURN_TYPE = YES_ERROR;
				GCC_WARN_UNDECLARED_SELECTOR = YES;
				GCC_WARN_UNINITIALIZED_AUTOS = YES_AGGRESSIVE;
				GCC_WARN_UNUSED_FUNCTION = YES;
				GCC_WARN_UNUSED_VARIABLE = YES;
				MACOSX_DEPLOYMENT_TARGET = 10.14;
				MTL_ENABLE_DEBUG_INFO = INCLUDE_SOURCE;
				MTL_FAST_MATH = YES;
				ONLY_ACTIVE_ARCH = YES;
				SDKROOT = macosx;
			};
			name = Debug;
		};
		4CCDF0F723AD4FEE001D11CE /* Release */ = {
			isa = XCBuildConfiguration;
			buildSettings = {
				ALWAYS_SEARCH_USER_PATHS = NO;
				CLANG_ANALYZER_NONNULL = YES;
				CLANG_ANALYZER_NUMBER_OBJECT_CONVERSION = YES_AGGRESSIVE;
				CLANG_CXX_LANGUAGE_STANDARD = "gnu++14";
				CLANG_CXX_LIBRARY = "libc++";
				CLANG_ENABLE_MODULES = YES;
				CLANG_ENABLE_OBJC_ARC = YES;
				CLANG_ENABLE_OBJC_WEAK = YES;
				CLANG_WARN_BLOCK_CAPTURE_AUTORELEASING = YES;
				CLANG_WARN_BOOL_CONVERSION = YES;
				CLANG_WARN_COMMA = YES;
				CLANG_WARN_CONSTANT_CONVERSION = YES;
				CLANG_WARN_DEPRECATED_OBJC_IMPLEMENTATIONS = YES;
				CLANG_WARN_DIRECT_OBJC_ISA_USAGE = YES_ERROR;
				CLANG_WARN_DOCUMENTATION_COMMENTS = YES;
				CLANG_WARN_EMPTY_BODY = YES;
				CLANG_WARN_ENUM_CONVERSION = YES;
				CLANG_WARN_INFINITE_RECURSION = YES;
				CLANG_WARN_INT_CONVERSION = YES;
				CLANG_WARN_NON_LITERAL_NULL_CONVERSION = YES;
				CLANG_WARN_OBJC_IMPLICIT_RETAIN_SELF = YES;
				CLANG_WARN_OBJC_LITERAL_CONVERSION = YES;
				CLANG_WARN_OBJC_ROOT_CLASS = YES_ERROR;
				CLANG_WARN_RANGE_LOOP_ANALYSIS = YES;
				CLANG_WARN_STRICT_PROTOTYPES = YES;
				CLANG_WARN_SUSPICIOUS_MOVE = YES;
				CLANG_WARN_UNGUARDED_AVAILABILITY = YES_AGGRESSIVE;
				CLANG_WARN_UNREACHABLE_CODE = YES;
				CLANG_WARN__DUPLICATE_METHOD_MATCH = YES;
				CODE_SIGN_IDENTITY = "Mac Developer";
				COPY_PHASE_STRIP = NO;
				DEBUG_INFORMATION_FORMAT = "dwarf-with-dsym";
				ENABLE_NS_ASSERTIONS = NO;
				ENABLE_STRICT_OBJC_MSGSEND = YES;
				GCC_C_LANGUAGE_STANDARD = gnu11;
				GCC_NO_COMMON_BLOCKS = YES;
				GCC_WARN_64_TO_32_BIT_CONVERSION = YES;
				GCC_WARN_ABOUT_RETURN_TYPE = YES_ERROR;
				GCC_WARN_UNDECLARED_SELECTOR = YES;
				GCC_WARN_UNINITIALIZED_AUTOS = YES_AGGRESSIVE;
				GCC_WARN_UNUSED_FUNCTION = YES;
				GCC_WARN_UNUSED_VARIABLE = YES;
				MACOSX_DEPLOYMENT_TARGET = 10.14;
				MTL_ENABLE_DEBUG_INFO = NO;
				MTL_FAST_MATH = YES;
				SDKROOT = macosx;
			};
			name = Release;
		};
		4CCDF0F923AD4FEE001D11CE /* Debug */ = {
			isa = XCBuildConfiguration;
			buildSettings = {
				ASSETCATALOG_COMPILER_APPICON_NAME = AppIcon;
				CODE_SIGN_STYLE = Automatic;
				COMBINE_HIDPI_IMAGES = YES;
				DEVELOPMENT_TEAM = 67BUZRGVX2;
				INFOPLIST_FILE = wadui/Info.plist;
				LD_RUNPATH_SEARCH_PATHS = (
					"$(inherited)",
					"@executable_path/../Frameworks",
				);
				PRODUCT_BUNDLE_IDENTIFIER = customertimes.wadui;
				PRODUCT_NAME = "$(TARGET_NAME)";
			};
			name = Debug;
		};
		4CCDF0FA23AD4FEE001D11CE /* Release */ = {
			isa = XCBuildConfiguration;
			buildSettings = {
				ASSETCATALOG_COMPILER_APPICON_NAME = AppIcon;
				CODE_SIGN_STYLE = Automatic;
				COMBINE_HIDPI_IMAGES = YES;
				DEVELOPMENT_TEAM = 67BUZRGVX2;
				INFOPLIST_FILE = wadui/Info.plist;
				LD_RUNPATH_SEARCH_PATHS = (
					"$(inherited)",
					"@executable_path/../Frameworks",
				);
				PRODUCT_BUNDLE_IDENTIFIER = customertimes.wadui;
				PRODUCT_NAME = "$(TARGET_NAME)";
			};
			name = Release;
		};
/* End XCBuildConfiguration section */

/* Begin XCConfigurationList section */
		4CCDF0E223AD4FED001D11CE /* Build configuration list for PBXProject "wadui" */ = {
			isa = XCConfigurationList;
			buildConfigurations = (
				4CCDF0F623AD4FEE001D11CE /* Debug */,
				4CCDF0F723AD4FEE001D11CE /* Release */,
			);
			defaultConfigurationIsVisible = 0;
			defaultConfigurationName = Release;
		};
		4CCDF0F823AD4FEE001D11CE /* Build configuration list for PBXNativeTarget "wadui" */ = {
			isa = XCConfigurationList;
			buildConfigurations = (
				4CCDF0F923AD4FEE001D11CE /* Debug */,
				4CCDF0FA23AD4FEE001D11CE /* Release */,
			);
			defaultConfigurationIsVisible = 0;
			defaultConfigurationName = Release;
		};
/* End XCConfigurationList section */
	};
	rootObject = 4CCDF0DF23AD4FED001D11CE /* Project object */;
}
